
Microsoft Visual Studio Solution File, Format Version 12.00
# Visual Studio 2013
VisualStudioVersion = 12.0.31101.0
MinimumVisualStudioVersion = 10.0.40219.1
Project("{F2A71F9B-5D33-465A-A702-920D77279786}") = "QueryOpinion", "QueryOpinion\QueryOpinion.fsproj", "{4A923525-69B5-488C-9D98-226C819C0E9F}"
EndProject
Project("{F2A71F9B-5D33-465A-A702-920D77279786}") = "OpinionMinerAPI", "OpinionMinerAPI\OpinionMinerAPI.fsproj", "{B7B2DCD7-A233-442A-838F-43CCC3C54F91}"
EndProject
Project("{2150E333-8FDC-42A3-9474-1A3956D46DE8}") = ".nuget", ".nuget", "{6D2D9F0E-AAFB-400E-B2A2-FF56E208FF27}"
	ProjectSection(SolutionItems) = preProject
		.nuget\packages.config = .nuget\packages.config
	EndProjectSection
EndProject
Project("{FAE04EC0-301F-11D3-BF4B-00C04F79EFBC}") = "OpinionMinerData", "OpinionMinerData\OpinionMinerData.csproj", "{410F19C2-823D-4BC3-B3BC-32617D0B494A}"
EndProject
Global
	GlobalSection(SolutionConfigurationPlatforms) = preSolution
		Debug|Any CPU = Debug|Any CPU
		Release|Any CPU = Release|Any CPU
	EndGlobalSection
	GlobalSection(ProjectConfigurationPlatforms) = postSolution
		{4A923525-69B5-488C-9D98-226C819C0E9F}.Debug|Any CPU.ActiveCfg = Debug|Any CPU
		{4A923525-69B5-488C-9D98-226C819C0E9F}.Debug|Any CPU.Build.0 = Debug|Any CPU
		{4A923525-69B5-488C-9D98-226C819C0E9F}.Release|Any CPU.ActiveCfg = Release|Any CPU
		{4A923525-69B5-488C-9D98-226C819C0E9F}.Release|Any CPU.Build.0 = Release|Any CPU
		{B7B2DCD7-A233-442A-838F-43CCC3C54F91}.Debug|Any CPU.ActiveCfg = Debug|Any CPU
		{B7B2DCD7-A233-442A-838F-43CCC3C54F91}.Debug|Any CPU.Build.0 = Debug|Any CPU
		{B7B2DCD7-A233-442A-838F-43CCC3C54F91}.Release|Any CPU.ActiveCfg = Release|Any CPU
		{B7B2DCD7-A233-442A-838F-43CCC3C54F91}.Release|Any CPU.Build.0 = Release|Any CPU
		{410F19C2-823D-4BC3-B3BC-32617D0B494A}.Debug|Any CPU.ActiveCfg = Debug|Any CPU
		{410F19C2-823D-4BC3-B3BC-32617D0B494A}.Debug|Any CPU.Build.0 = Debug|Any CPU
		{410F19C2-823D-4BC3-B3BC-32617D0B494A}.Release|Any CPU.ActiveCfg = Release|Any CPU
		{410F19C2-823D-4BC3-B3BC-32617D0B494A}.Release|Any CPU.Build.0 = Release|Any CPU
	EndGlobalSection
	GlobalSection(SolutionProperties) = preSolution
		HideSolutionNode = FALSE
	EndGlobalSection
EndGlobal
